
Microsoft Visual Studio Solution File, Format Version 12.00
# Visual Studio Version 17
VisualStudioVersion = 17.3.32825.248
MinimumVisualStudioVersion = 10.0.40219.1
Project("{9A19103F-16F7-4668-BE54-9A1E7A4F7556}") = "pz23", "Distant28.01\pz23.csproj", "{F95D6857-B01D-4CCB-B877-657148CAB5F0}"
EndProject
Project("{FAE04EC0-301F-11D3-BF4B-00C04F79EFBC}") = "pz24", "ConsoleApp1\pz24.csproj", "{B0C1FD5D-BD7C-4ACB-98E5-31E08BC84EB7}"
EndProject
Global
	GlobalSection(SolutionConfigurationPlatforms) = preSolution
		Debug|Any CPU = Debug|Any CPU
		Release|Any CPU = Release|Any CPU
	EndGlobalSection
	GlobalSection(ProjectConfigurationPlatforms) = postSolution
		{F95D6857-B01D-4CCB-B877-657148CAB5F0}.Debug|Any CPU.ActiveCfg = Debug|Any CPU
		{F95D6857-B01D-4CCB-B877-657148CAB5F0}.Debug|Any CPU.Build.0 = Debug|Any CPU
		{F95D6857-B01D-4CCB-B877-657148CAB5F0}.Release|Any CPU.ActiveCfg = Release|Any CPU
		{F95D6857-B01D-4CCB-B877-657148CAB5F0}.Release|Any CPU.Build.0 = Release|Any CPU
		{B0C1FD5D-BD7C-4ACB-98E5-31E08BC84EB7}.Debug|Any CPU.ActiveCfg = Debug|Any CPU
		{B0C1FD5D-BD7C-4ACB-98E5-31E08BC84EB7}.Debug|Any CPU.Build.0 = Debug|Any CPU
		{B0C1FD5D-BD7C-4ACB-98E5-31E08BC84EB7}.Release|Any CPU.ActiveCfg = Release|Any CPU
		{B0C1FD5D-BD7C-4ACB-98E5-31E08BC84EB7}.Release|Any CPU.Build.0 = Release|Any CPU
	EndGlobalSection
	GlobalSection(SolutionProperties) = preSolution
		HideSolutionNode = FALSE
	EndGlobalSection
	GlobalSection(ExtensibilityGlobals) = postSolution
		SolutionGuid = {84A565E5-2256-40E1-BBA3-FA58816E53A5}
	EndGlobalSection
EndGlobal
