
Microsoft Visual Studio Solution File, Format Version 12.00
# Visual Studio Version 17
VisualStudioVersion = 17.4.33213.308
MinimumVisualStudioVersion = 10.0.40219.1
Project("{FAE04EC0-301F-11D3-BF4B-00C04F79EFBC}") = "pz27", "pz27.csproj", "{675F7FB6-07A6-4687-856E-CCB8DA3F4B52}"
EndProject
Project("{FAE04EC0-301F-11D3-BF4B-00C04F79EFBC}") = "pz_28", "..\pz_28\pz_28.csproj", "{201C08A9-6230-4115-9638-A18A1B66B479}"
EndProject
Project("{FAE04EC0-301F-11D3-BF4B-00C04F79EFBC}") = "pz28.2", "..\pz28.2\pz28.2.csproj", "{A7142501-27AC-45F1-9DDD-52A5F2AA46FD}"
EndProject
Global
	GlobalSection(SolutionConfigurationPlatforms) = preSolution
		Debug|Any CPU = Debug|Any CPU
		Release|Any CPU = Release|Any CPU
	EndGlobalSection
	GlobalSection(ProjectConfigurationPlatforms) = postSolution
		{675F7FB6-07A6-4687-856E-CCB8DA3F4B52}.Debug|Any CPU.ActiveCfg = Debug|Any CPU
		{675F7FB6-07A6-4687-856E-CCB8DA3F4B52}.Debug|Any CPU.Build.0 = Debug|Any CPU
		{675F7FB6-07A6-4687-856E-CCB8DA3F4B52}.Release|Any CPU.ActiveCfg = Release|Any CPU
		{675F7FB6-07A6-4687-856E-CCB8DA3F4B52}.Release|Any CPU.Build.0 = Release|Any CPU
		{201C08A9-6230-4115-9638-A18A1B66B479}.Debug|Any CPU.ActiveCfg = Debug|Any CPU
		{201C08A9-6230-4115-9638-A18A1B66B479}.Debug|Any CPU.Build.0 = Debug|Any CPU
		{201C08A9-6230-4115-9638-A18A1B66B479}.Release|Any CPU.ActiveCfg = Release|Any CPU
		{201C08A9-6230-4115-9638-A18A1B66B479}.Release|Any CPU.Build.0 = Release|Any CPU
		{A7142501-27AC-45F1-9DDD-52A5F2AA46FD}.Debug|Any CPU.ActiveCfg = Debug|Any CPU
		{A7142501-27AC-45F1-9DDD-52A5F2AA46FD}.Debug|Any CPU.Build.0 = Debug|Any CPU
		{A7142501-27AC-45F1-9DDD-52A5F2AA46FD}.Release|Any CPU.ActiveCfg = Release|Any CPU
		{A7142501-27AC-45F1-9DDD-52A5F2AA46FD}.Release|Any CPU.Build.0 = Release|Any CPU
	EndGlobalSection
	GlobalSection(SolutionProperties) = preSolution
		HideSolutionNode = FALSE
	EndGlobalSection
	GlobalSection(ExtensibilityGlobals) = postSolution
		SolutionGuid = {F46B39C2-CE91-4C6F-8272-461FD971BB7D}
	EndGlobalSection
EndGlobal
